
Microsoft Visual Studio Solution File, Format Version 12.00
# Visual Studio Version 16
VisualStudioVersion = 16.0.30804.86
MinimumVisualStudioVersion = 10.0.40219.1
Project("{FAE04EC0-301F-11D3-BF4B-00C04F79EFBC}") = "LojaCET50", "LojaCET50\LojaCET50.csproj", "{B0F40BE0-D872-461E-BA15-3702F2E09CA8}"
EndProject
Global
	GlobalSection(SolutionConfigurationPlatforms) = preSolution
		Debug|Any CPU = Debug|Any CPU
		Release|Any CPU = Release|Any CPU
	EndGlobalSection
	GlobalSection(ProjectConfigurationPlatforms) = postSolution
		{B0F40BE0-D872-461E-BA15-3702F2E09CA8}.Debug|Any CPU.ActiveCfg = Debug|Any CPU
		{B0F40BE0-D872-461E-BA15-3702F2E09CA8}.Debug|Any CPU.Build.0 = Debug|Any CPU
		{B0F40BE0-D872-461E-BA15-3702F2E09CA8}.Release|Any CPU.ActiveCfg = Release|Any CPU
		{B0F40BE0-D872-461E-BA15-3702F2E09CA8}.Release|Any CPU.Build.0 = Release|Any CPU
	EndGlobalSection
	GlobalSection(SolutionProperties) = preSolution
		HideSolutionNode = FALSE
	EndGlobalSection
	GlobalSection(ExtensibilityGlobals) = postSolution
		SolutionGuid = {ABCF3647-6A20-49A8-B9B7-B0246DEA90E5}
	EndGlobalSection
EndGlobal
